{
  "name": "ngx-tippy-wrapper",
  "version": "2.0.0",
  "lockfileVersion": 1,
  "requires": true,
  "dependencies": {
    "@popperjs/core": {
      "version": "2.4.0",
      "resolved": "https://registry.npmjs.org/@popperjs/core/-/core-2.4.0.tgz",
      "integrity": "sha512-NMrDy6EWh9TPdSRiHmHH2ye1v5U0gBD7pRYwSwJvomx7Bm4GG04vu63dYiVzebLOx2obPpJugew06xVP0Nk7hA=="
    },
    "tippy.js": {
      "version": "6.2.3",
      "resolved": "https://registry.npmjs.org/tippy.js/-/tippy.js-6.2.3.tgz",
      "integrity": "sha512-MzqHMrr2C0IC8ZUnG5kLQPxonWJ7V+Usqiy2W5b+dCvAfousio0mA85h+Ea5wRq94AQGd8mbFGeciRgkP+F+7w==",
      "requires": {
        "@popperjs/core": "^2.3.2"
      }
    },
    "tslib": {
      "version": "2.0.1",
      "resolved": "https://registry.npmjs.org/tslib/-/tslib-2.0.1.tgz",
      "integrity": "sha512-SgIkNheinmEBgx1IUNirK0TUD4X9yjjBRTqqjggWCU3pUEqIk3/Uwl3yRixYKT6WjQuGiwDv4NomL3wqRCj+CQ=="
    }
  }
}
