{
  "name": "ngx-tippy-wrapper",
  "version": "2.0.0",
  "lockfileVersion": 1,
  "requires": true,
  "dependencies": {
    "@popperjs/core": {
      "version": "2.4.4",
      "resolved": "https://registry.npmjs.org/@popperjs/core/-/core-2.4.4.tgz",
      "integrity": "sha512-1oO6+dN5kdIA3sKPZhRGJTfGVP4SWV6KqlMOwry4J3HfyD68sl/3KmG7DeYUzvN+RbhXDnv/D8vNNB8168tAMg=="
    },
    "tippy.js": {
      "version": "6.2.6",
      "resolved": "https://registry.npmjs.org/tippy.js/-/tippy.js-6.2.6.tgz",
      "integrity": "sha512-0tTL3WQNT0nWmpslhDryRahoBm6PT9fh1xXyDfOsvZpDzq52by2rF2nvsW0WX2j9nUZP/jSGDqfKJGjCtoGFKg==",
      "requires": {
        "@popperjs/core": "^2.4.4"
      }
    },
    "tslib": {
      "version": "2.0.1",
      "resolved": "https://registry.npmjs.org/tslib/-/tslib-2.0.1.tgz",
      "integrity": "sha512-SgIkNheinmEBgx1IUNirK0TUD4X9yjjBRTqqjggWCU3pUEqIk3/Uwl3yRixYKT6WjQuGiwDv4NomL3wqRCj+CQ=="
    }
  }
}
